
Microsoft Visual Studio Solution File, Format Version 12.00
# Visual Studio Version 16
VisualStudioVersion = 16.0.30804.86
MinimumVisualStudioVersion = 10.0.40219.1
Project("{FAE04EC0-301F-11D3-BF4B-00C04F79EFBC}") = "DarkerPlight", "DarkerPlight\DarkerPlight.csproj", "{71E859E6-4833-46C9-B3CC-D30A58A86528}"
EndProject
Global
	GlobalSection(SolutionConfigurationPlatforms) = preSolution
		Debug|Any CPU = Debug|Any CPU
		Release|Any CPU = Release|Any CPU
	EndGlobalSection
	GlobalSection(ProjectConfigurationPlatforms) = postSolution
		{71E859E6-4833-46C9-B3CC-D30A58A86528}.Debug|Any CPU.ActiveCfg = Debug|Any CPU
		{71E859E6-4833-46C9-B3CC-D30A58A86528}.Debug|Any CPU.Build.0 = Debug|Any CPU
		{71E859E6-4833-46C9-B3CC-D30A58A86528}.Release|Any CPU.ActiveCfg = Release|Any CPU
		{71E859E6-4833-46C9-B3CC-D30A58A86528}.Release|Any CPU.Build.0 = Release|Any CPU
	EndGlobalSection
	GlobalSection(SolutionProperties) = preSolution
		HideSolutionNode = FALSE
	EndGlobalSection
	GlobalSection(ExtensibilityGlobals) = postSolution
		SolutionGuid = {15FAEC3A-D31E-4C72-880D-87227F8B3713}
	EndGlobalSection
EndGlobal
